
Microsoft Visual Studio Solution File, Format Version 12.00
# Visual Studio Version 17
VisualStudioVersion = 17.8.34309.116
MinimumVisualStudioVersion = 10.0.40219.1
Project("{9A19103F-16F7-4668-BE54-9A1E7A4F7556}") = "WebApi", "WebApi\WebApi.csproj", "{ADA58607-291D-430C-90C6-3383312C0BD7}"
EndProject
Project("{9A19103F-16F7-4668-BE54-9A1E7A4F7556}") = "WebBlazor", "WebBlazor\WebBlazor.csproj", "{9C3E43D6-CA76-43F5-BCB8-27BEFA28E4A9}"
EndProject
Project("{9A19103F-16F7-4668-BE54-9A1E7A4F7556}") = "LibraryShared", "ClassLibrary\LibraryShared.csproj", "{6FF0761A-5FF4-4B6F-ACD2-9A496ADB558A}"
EndProject
Global
	GlobalSection(SolutionConfigurationPlatforms) = preSolution
		Debug|Any CPU = Debug|Any CPU
		Release|Any CPU = Release|Any CPU
	EndGlobalSection
	GlobalSection(ProjectConfigurationPlatforms) = postSolution
		{ADA58607-291D-430C-90C6-3383312C0BD7}.Debug|Any CPU.ActiveCfg = Debug|Any CPU
		{ADA58607-291D-430C-90C6-3383312C0BD7}.Debug|Any CPU.Build.0 = Debug|Any CPU
		{ADA58607-291D-430C-90C6-3383312C0BD7}.Release|Any CPU.ActiveCfg = Release|Any CPU
		{ADA58607-291D-430C-90C6-3383312C0BD7}.Release|Any CPU.Build.0 = Release|Any CPU
		{9C3E43D6-CA76-43F5-BCB8-27BEFA28E4A9}.Debug|Any CPU.ActiveCfg = Debug|Any CPU
		{9C3E43D6-CA76-43F5-BCB8-27BEFA28E4A9}.Debug|Any CPU.Build.0 = Debug|Any CPU
		{9C3E43D6-CA76-43F5-BCB8-27BEFA28E4A9}.Release|Any CPU.ActiveCfg = Release|Any CPU
		{9C3E43D6-CA76-43F5-BCB8-27BEFA28E4A9}.Release|Any CPU.Build.0 = Release|Any CPU
		{6FF0761A-5FF4-4B6F-ACD2-9A496ADB558A}.Debug|Any CPU.ActiveCfg = Debug|Any CPU
		{6FF0761A-5FF4-4B6F-ACD2-9A496ADB558A}.Debug|Any CPU.Build.0 = Debug|Any CPU
		{6FF0761A-5FF4-4B6F-ACD2-9A496ADB558A}.Release|Any CPU.ActiveCfg = Release|Any CPU
		{6FF0761A-5FF4-4B6F-ACD2-9A496ADB558A}.Release|Any CPU.Build.0 = Release|Any CPU
	EndGlobalSection
	GlobalSection(SolutionProperties) = preSolution
		HideSolutionNode = FALSE
	EndGlobalSection
	GlobalSection(ExtensibilityGlobals) = postSolution
		SolutionGuid = {F50D3EE0-B781-4B97-A822-D0AF2DC8F59C}
	EndGlobalSection
EndGlobal
